version = 1
revision = 3
requires-python = ">=3.11"

[[package]]
name = "colorama"
version = "0.4.6"
source = { registry = "https://pypi.org/simple" }
sdist = { url = "https://files.pythonhosted.org/packages/d8/53/6f443c9a4a8358a93a6792e2acffb9d9d5cb0a5cfd8802644b7b1c9a02e4/colorama-0.4.6.tar.gz", hash = "sha256:08695f5cb7ed6e0531a20572697297273c47b8cae5a63ffc6d6ed5c201be6e44", size = 27697, upload-time = "2022-10-25T02:36:22.414Z" }
wheels = [
    { url = "https://files.pythonhosted.org/packages/d1/d6/3965ed04c63042e047cb6a3e6ed1a63a35087b6a609aa3a15ed8ac56c221/colorama-0.4.6-py2.py3-none-any.whl", hash = "sha256:4f1d9991f5acc0ca119f9d443620b77f9d6b33703e51011c16baf57afb285fc6", size = 25335, upload-time = "2022-10-25T02:36:20.889Z" },
]

[[package]]
name = "hidapi"
version = "0.15.0"
source = { registry = "https://pypi.org/simple" }
sdist = { url = "https://files.pythonhosted.org/packages/74/f6/caad9ed701fbb9223eb9e0b41a5514390769b4cb3084a2704ab69e9df0fe/hidapi-0.15.0.tar.gz", hash = "sha256:ecbc265cbe8b7b88755f421e0ba25f084091ec550c2b90ff9e8ddd4fcd540311", size = 184995, upload-time = "2025-12-09T09:48:54.129Z" }
wheels = [
    { url = "https://files.pythonhosted.org/packages/3b/c5/3cfa157e7d1fd6af5ad52ea6ea031b1c8da141c61a2506ad5cb3420afa7f/hidapi-0.15.0-cp311-cp311-macosx_10_9_x86_64.whl", hash = "sha256:53d018e6ac639a217c019c6dcd79a1d30c2401ac7a8147eedd11f2aa29307661", size = 70578, upload-time = "2025-12-09T09:45:05.497Z" },
    { url = "https://files.pythonhosted.org/packages/a5/7e/a43efc66b3b0a68058e76ad0cb2267ce9b30d9006dce10824f3c8b314b08/hidapi-0.15.0-cp311-cp311-macosx_11_0_arm64.whl", hash = "sha256:a11ef4b5ab0a2f36e35f44af394bff41cb645b03ce36c5b2f2c00873f112661f", size = 70233, upload-time = "2025-12-09T09:45:06.826Z" },
    { url = "https://files.pythonhosted.org/packages/6c/30/d8551d99528e0b7b2962cc76fb9a2b5990ea16aeb1457d1c3c61015d020f/hidapi-0.15.0-cp311-cp311-manylinux2014_x86_64.manylinux_2_17_x86_64.whl", hash = "sha256:e47d4fe13ddfc63fd1961974e10f3c7d50a57ae0bb73974e465cfe95dad5da18", size = 1070472, upload-time = "2025-12-09T09:45:16.322Z" },
    { url = "https://files.pythonhosted.org/packages/7c/26/433fc4e9efdfb9d1beb52e39ccdec265ae02003b1d2f8395aba3022b665b/hidapi-0.15.0-cp311-cp311-manylinux_2_28_aarch64.whl", hash = "sha256:f39917c9e9bea895384b1a8869159d808b4a53561af9b4f7c3148bdf6bfd97a0", size = 1602092, upload-time = "2025-12-09T09:45:08.274Z" },
    { url = "https://files.pythonhosted.org/packages/7e/13/911b757f6847a197ab5c978fe8dd55181035096a5659cf7183e013ed1ea2/hidapi-0.15.0-cp311-cp311-manylinux_2_28_i686.whl", hash = "sha256:f4d294fcd2551fb5b41d5f478a08e8945382e1d86d7d40320d02594922d6b667", size = 1677973, upload-time = "2025-12-09T09:45:10.357Z" },
    { url = "https://files.pythonhosted.org/packages/53/3f/cd92833886a15b34225bbd765ed1eb0270bc78b4cf6385e302c0e4bae494/hidapi-0.15.0-cp311-cp311-musllinux_1_2_aarch64.whl", hash = "sha256:68cb85467151a3d4aa6ab4e11ca89a87c2404a778dbccb8fb5ae51e998133bb3", size = 699789, upload-time = "2025-12-09T09:45:18.506Z" },
    { url = "https://files.pythonhosted.org/packages/e6/0e/9cdad5783bf1b2aea6667da37f2435b286750d650071dcc50b42834c8810/hidapi-0.15.0-cp311-cp311-musllinux_1_2_i686.whl", hash = "sha256:06fbcd7696ad768d7e9500b64e2ae742b5d90a2531b5aa8d355c0f049516a09d", size = 695983, upload-time = "2025-12-09T09:45:20.192Z" },
    { url = "https://files.pythonhosted.org/packages/86/ac/a57bc6e28d0dc1a0aed3dcc24302262ecbf2b723f9c4ba1af4ea51add5b4/hidapi-0.15.0-cp311-cp311-musllinux_1_2_x86_64.whl", hash = "sha256:221e3a0c181503061bfc4a672eccd9f86b1da1167b31914be00d919edfd6e1bf", size = 697710, upload-time = "2025-12-09T09:45:21.807Z" },
    { url = "https://files.pythonhosted.org/packages/53/40/6a45375a52027d8142e7acdaeab182a44ff6b818df41384019662eb4f351/hidapi-0.15.0-cp311-cp311-win32.whl", hash = "sha256:2c35bd9cc62227ec91047e36b260f75bdbf50814f3cf3c3b28648ac3ffabd9d7", size = 60070, upload-time = "2025-12-09T09:45:24.745Z" },
    { url = "https://files.pythonhosted.org/packages/4a/a9/8ad4e6423c7416eb8dd765327f3be67f083c985b41b9b48ef3061a64c5f2/hidapi-0.15.0-cp311-cp311-win_amd64.whl", hash = "sha256:c5f7ee9ce8e3373fdb7002497f16bc652d9d4acf20c91275877f55165caf6f0c", size = 67296, upload-time = "2025-12-09T09:45:23.313Z" },
    { url = "https://files.pythonhosted.org/packages/b3/fd/9076aba0736f339b71bda5ee26cb678c02420bf96c7ea5bd9ebcbaf0aa3c/hidapi-0.15.0-cp312-cp312-macosx_10_13_x86_64.whl", hash = "sha256:0b7eb950214191c936b5bdabaeaf1cab99c0dfc3ae3edc220e3c6d4547296053", size = 70157, upload-time = "2025-12-09T09:45:25.77Z" },
    { url = "https://files.pythonhosted.org/packages/4e/9c/9335957cb7e1ca1be997e97afe850f62a9ff0708015048b3871b553eed5c/hidapi-0.15.0-cp312-cp312-macosx_11_0_arm64.whl", hash = "sha256:27933e7f3da7007e5e8d0b25bcf48a79a74e802555e496bba2c7d87f8a77cd61", size = 69597, upload-time = "2025-12-09T09:45:26.707Z" },
    { url = "https://files.pythonhosted.org/packages/de/bc/0eb92f4f238adc8edc3decb859662cf87e302b0a6ecdabe0e4d0560eb5fd/hidapi-0.15.0-cp312-cp312-manylinux2014_x86_64.manylinux_2_17_x86_64.whl", hash = "sha256:cfdbc74d5c4b5fdeef58a246d80f7dbf4ca33fe741c889505a4a350dd2eb54fb", size = 1082139, upload-time = "2025-12-09T09:45:32.799Z" },
    { url = "https://files.pythonhosted.org/packages/03/04/856827cfecaa89091ed470f697e3f9cfb172fc852960e6b902e765d7d650/hidapi-0.15.0-cp312-cp312-manylinux_2_28_aarch64.whl", hash = "sha256:4b7b6207c1c7df3524e9d4019c7196547327636e9924010b9b0bf0c40029e329", size = 1620074, upload-time = "2025-12-09T09:45:28.573Z" },
    { url = "https://files.pythonhosted.org/packages/fa/63/1338cf0e273d95e07202e391b17198f27bd2cfef71348707eac98cd8db2b/hidapi-0.15.0-cp312-cp312-manylinux_2_28_i686.whl", hash = "sha256:908e4b8c35041aa800b51094fd9fbaa5d6161bfb71e55821f43c6433f54e2865", size = 1689689, upload-time = "2025-12-09T09:45:31.195Z" },
    { url = "https://files.pythonhosted.org/packages/84/08/28ce99698e14bb6bdf9d0dcf7ab45ab86d8bade894885aa15bb3fa43bcc1/hidapi-0.15.0-cp312-cp312-musllinux_1_2_aarch64.whl", hash = "sha256:f9356fffebf723ccfbf0f9370d3725de37b3e2f1f6bffc40c3466f854542861c", size = 713596, upload-time = "2025-12-09T09:45:34.564Z" },
    { url = "https://files.pythonhosted.org/packages/a5/16/23e446e2d0ad0d75de149d94f8e6313329aec4d7c18d027e56f5a386779e/hidapi-0.15.0-cp312-cp312-musllinux_1_2_i686.whl", hash = "sha256:fd082e13ca92bbd7a4ec65d9fbd9ef06ecd71798ce9f036b7144b3d498623a7e", size = 697243, upload-time = "2025-12-09T09:45:36.537Z" },
    { url = "https://files.pythonhosted.org/packages/af/ef/e2fa4d795235eb09951f806bbfdbd766d1be805df448d67918e828b7cb31/hidapi-0.15.0-cp312-cp312-musllinux_1_2_x86_64.whl", hash = "sha256:35eb5797d86306bd67aee80ad8973ab0a0b4e6d54018d3efb328767d0e8c9373", size = 717599, upload-time = "2025-12-09T09:45:37.825Z" },
    { url = "https://files.pythonhosted.org/packages/e7/a7/9b7fe9acd09ed90d702f8cc01190ab53e01d5022c21808b079144bc9017d/hidapi-0.15.0-cp312-cp312-win32.whl", hash = "sha256:ce6f99554dae15c48cd89a12d5aede77a92a8bd184b45d0b257a17c97e053cdb", size = 60136, upload-time = "2025-12-09T09:45:40.612Z" },
    { url = "https://files.pythonhosted.org/packages/7f/35/f9e2d3ead60b573140546b041dd41c78a48c0e6b573d61a03130adccd32e/hidapi-0.15.0-cp312-cp312-win_amd64.whl", hash = "sha256:9abc71a62bf8a8f1d70a6fd3613f86feb37ddb67e05ed934e734df79e27bf4f6", size = 67073, upload-time = "2025-12-09T09:45:39.261Z" },
    { url = "https://files.pythonhosted.org/packages/d1/19/bda2dce4af8b8028e6d611d5caf60e223a4d32a638d1155eefdc6d8f2462/hidapi-0.15.0-cp313-cp313-macosx_10_13_x86_64.whl", hash = "sha256:f336dd2dc308928d54a6fdce137814a941a3633ad6722919d7a3142dd99005c2", size = 69045, upload-time = "2025-12-09T09:45:41.534Z" },
    { url = "https://files.pythonhosted.org/packages/1b/18/9b7d6b6a7561654b9b0d7b22fba9c5c971b36f5fc541b04e02d71928349d/hidapi-0.15.0-cp313-cp313-macosx_11_0_arm64.whl", hash = "sha256:8017f2213810c3e57d9ab64c2328c593a1129b25804240108a6451fe35cde193", size = 68755, upload-time = "2025-12-09T09:45:42.464Z" },
    { url = "https://files.pythonhosted.org/packages/f1/b0/f144cee5ce9e45518d234fd07c7a4f9a66de3a78ed42bf9f3f4083165e10/hidapi-0.15.0-cp313-cp313-manylinux2014_x86_64.manylinux_2_17_x86_64.whl", hash = "sha256:208c7fc89f78c3448d55957c3e12893778aa91218ed7dc22697e554f091fe4fe", size = 1072286, upload-time = "2025-12-09T09:45:47.236Z" },
    { url = "https://files.pythonhosted.org/packages/47/bf/7fee015cc48b719bd40c6416f65084a900e7889f0cf52fcfedb9be107b10/hidapi-0.15.0-cp313-cp313-manylinux_2_28_aarch64.whl", hash = "sha256:90f8bd963ae43a44036af5d689d090fab0e3eb52861186e4d2b863dd910a2726", size = 1609789, upload-time = "2025-12-09T09:45:44.112Z" },
    { url = "https://files.pythonhosted.org/packages/d3/b6/ac33532711c2ecda5a22d8b2db3223c8a13f16db6d2793ee73a809cca5b6/hidapi-0.15.0-cp313-cp313-manylinux_2_28_i686.whl", hash = "sha256:cd6edc7af885755163f4ffb29639c14f8a4ad5cca13ed641e47aa11f9646d8b6", size = 1680636, upload-time = "2025-12-09T09:45:45.67Z" },
    { url = "https://files.pythonhosted.org/packages/a3/e1/5b4426b8a77f9efbef70c0dbc1d64602d36ea8878f76c3607959901c978c/hidapi-0.15.0-cp313-cp313-musllinux_1_2_aarch64.whl", hash = "sha256:6ef0f80b2ff32ba446c9a2d4bfca6623ab5f0c05d742a0161ea1f7af2dc33b12", size = 708617, upload-time = "2025-12-09T09:45:48.874Z" },
    { url = "https://files.pythonhosted.org/packages/bb/a6/1ecdadc3e19f6755eed40f2111f447ec071e3d4f5f4f99b95d26a6d67219/hidapi-0.15.0-cp313-cp313-musllinux_1_2_i686.whl", hash = "sha256:6106d10873c1e465a2764e979fb96ec0d16bb926eedac829310830f90816cc76", size = 689589, upload-time = "2025-12-09T09:45:50.328Z" },
    { url = "https://files.pythonhosted.org/packages/d6/02/579af4220acdde5ab76d091edaa92f62e110f89131a56b11856f77779607/hidapi-0.15.0-cp313-cp313-musllinux_1_2_x86_64.whl", hash = "sha256:4f7a710df215ea3b53a81029488f78e7303b83f01a2e8478db20d7c9756588dd", size = 710213, upload-time = "2025-12-09T09:45:51.747Z" },
    { url = "https://files.pythonhosted.org/packages/f9/c7/52f2d903a607f024086829349383dcc7f0c22533fc242f26f9754eba2f06/hidapi-0.15.0-cp313-cp313-win32.whl", hash = "sha256:e4ddb57e71e2b8aca2c685b94b8587dc7d7cfae3c529a7c4076ba0775eb28d4a", size = 59749, upload-time = "2025-12-09T09:45:53.882Z" },
    { url = "https://files.pythonhosted.org/packages/d9/00/7dd3f866a748b0c9eb4adedaa025ec8c533ed1946e9e918661c948a5c0f4/hidapi-0.15.0-cp313-cp313-win_amd64.whl", hash = "sha256:04e0c1ed6d742bc6e1d00599394bec6b2afb8ee2fc5a0a183d3c4c2d4e315c34", size = 66362, upload-time = "2025-12-09T09:45:52.797Z" },
    { url = "https://files.pythonhosted.org/packages/0a/65/e9c70deb396f5baea92cd2ea7803914a55d455c3982367bae4390483e6cc/hidapi-0.15.0-cp314-cp314-macosx_10_15_x86_64.whl", hash = "sha256:0a6bb079bcd5152dd8968893aecdcbde3954b849896078f54df2254c0d1f301e", size = 69532, upload-time = "2025-12-09T09:45:55.269Z" },
    { url = "https://files.pythonhosted.org/packages/05/eb/d006a7e28ec63b5db76340e4aca6ff077ad336f8fbe64ac804b968927011/hidapi-0.15.0-cp314-cp314-macosx_11_0_arm64.whl", hash = "sha256:d80c745d285dfc9889e856226daa8eee6f9e83025ef2cb97e5fe0b1396f7818a", size = 69350, upload-time = "2025-12-09T09:45:56.695Z" },
    { url = "https://files.pythonhosted.org/packages/52/2b/95e7595eb61982c651ed2b3ecd9bae05a0298b668c801a992e4e814b22f2/hidapi-0.15.0-cp314-cp314-manylinux2014_x86_64.manylinux_2_17_x86_64.whl", hash = "sha256:b0f4411fd479345ca86742d9dda77200476a902749d8e47ed438f31ec98af418", size = 1065210, upload-time = "2025-12-09T09:46:02.484Z" },
    { url = "https://files.pythonhosted.org/packages/c7/a5/0344a7c223c3610510ec7f91f7220b0e5852c92d52aff23377f1c2888880/hidapi-0.15.0-cp314-cp314-manylinux_2_28_aarch64.whl", hash = "sha256:d93f7173dcbec61b928f4cf800bf26535f81ef3b7bd89199237207f6ca7e4f43", size = 1610362, upload-time = "2025-12-09T09:45:58.533Z" },
    { url = "https://files.pythonhosted.org/packages/d9/96/781212cf852705bc1db26edd4340b01b9ce04cadd5d327c00b64f7324978/hidapi-0.15.0-cp314-cp314-manylinux_2_28_i686.whl", hash = "sha256:dacf0b9e5d776fde69b92d68c09ab878a09486629e1fe8e6ae851252b0f33ce5", size = 1680942, upload-time = "2025-12-09T09:46:00.971Z" },
    { url = "https://files.pythonhosted.org/packages/d1/48/6d51a37d3a81355740a82cd265d4fc8485a0a279e4b545cbf790bd106f51/hidapi-0.15.0-cp314-cp314-musllinux_1_2_aarch64.whl", hash = "sha256:bda6ce04a77662e77a4b6b2598211935ca281e1cf663248d54bce75bd684fed8", size = 707550, upload-time = "2025-12-09T09:46:03.993Z" },
    { url = "https://files.pythonhosted.org/packages/86/77/175efa84ecea161c70948dc67b412b7444c2a196e4def8b305cb756077c6/hidapi-0.15.0-cp314-cp314-musllinux_1_2_i686.whl", hash = "sha256:74900b5c7e884e0e4316d4deb746e5dd294b5aaaf90eac056c4f9f19cf2c8097", size = 689865, upload-time = "2025-12-09T09:46:05.976Z" },
    { url = "https://files.pythonhosted.org/packages/7e/29/0e513390a8d686448672fabd30385f9cda6e01663765851d0cef88e6f0b1/hidapi-0.15.0-cp314-cp314-musllinux_1_2_x86_64.whl", hash = "sha256:76236468509dfcb256fa0fbd5a73708c598b3819695b7d08499ae489c82116b6", size = 706809, upload-time = "2025-12-09T09:46:07.309Z" },
    { url = "https://files.pythonhosted.org/packages/a2/d6/c0b9d8568fdb38eebb9caaa56643a81d92cccb5d59a5b44e0d975a0f3808/hidapi-0.15.0-cp314-cp314-win32.whl", hash = "sha256:901c03817306eac7edd589f09e0e07467871b45f665949cc4caa645b54abc97b", size = 61089, upload-time = "2025-12-09T09:46:09.59Z" },
    { url = "https://files.pythonhosted.org/packages/cb/14/3b27516b2867e53545164ebd8ef45d0c36857d2a062036e788e56e2e34ce/hidapi-0.15.0-cp314-cp314-win_amd64.whl", hash = "sha256:df0dd435562654e27ad0c7d045074eb1e1e016b09167dd48a258dec1ce4b9127", size = 67710, upload-time = "2025-12-09T09:46:08.677Z" },
    { url = "https://files.pythonhosted.org/packages/97/8f/ff034661faf99acaabe8954fb7db87c5242c79bf763dd972b23b1be5f104/hidapi-0.15.0-cp314-cp314t-macosx_10_15_x86_64.whl", hash = "sha256:2f16e9ea8a1d24ac7a6bf316905823eafd58f78ec815a93118d4710faf95a224", size = 70893, upload-time = "2025-12-09T09:46:10.625Z" },
    { url = "https://files.pythonhosted.org/packages/d8/44/617666a0919d06521d732ef07998306b8ddcbd96038e19348c831acd76e8/hidapi-0.15.0-cp314-cp314t-macosx_11_0_arm64.whl", hash = "sha256:77f0965ca81a9be44694e84aa18e501d5cda49e372202a38a52d22acc38deadd", size = 71430, upload-time = "2025-12-09T09:46:11.648Z" },
    { url = "https://files.pythonhosted.org/packages/64/64/129aed49fa45b6a5e2fd955618eebe93ff7e3889f05237da6b45051c77bb/hidapi-0.15.0-cp314-cp314t-manylinux2014_x86_64.manylinux_2_17_x86_64.whl", hash = "sha256:541c85b8225ce19b38ceacd404283ca1857345ccfa7ca12f54131203ff2d7f75", size = 1094257, upload-time = "2025-12-09T09:46:17.529Z" },
    { url = "https://files.pythonhosted.org/packages/17/ca/266ca521ff643957823a7f04a67030f6d2917e86e31c60c3d4878cd6b913/hidapi-0.15.0-cp314-cp314t-manylinux_2_28_aarch64.whl", hash = "sha256:89f909a6783307c2f067e8e7948f38ec43386f15d04759d11e5b32e3b2fdf3d8", size = 1663756, upload-time = "2025-12-09T09:46:13.403Z" },
    { url = "https://files.pythonhosted.org/packages/38/de/eb9d0fe6d9ccd2645e993930cc7fdeb6e12ddcdec086f3ef7dec947286ca/hidapi-0.15.0-cp314-cp314t-manylinux_2_28_i686.whl", hash = "sha256:fd32f311633fad21a52e750775cd4ea23da912199c63d1331f4d8ae00ab0874b", size = 1710998, upload-time = "2025-12-09T09:46:15.68Z" },
    { url = "https://files.pythonhosted.org/packages/07/43/e5c0cd80df4a65a468b7a9fc6891ea77435a75e64bb273104c37f12e05b3/hidapi-0.15.0-cp314-cp314t-musllinux_1_2_aarch64.whl", hash = "sha256:8f7ca38699557ab057333f1628a346073ae6088c09897b2cd9fbc68f4896780c", size = 751383, upload-time = "2025-12-09T09:46:19.183Z" },
    { url = "https://files.pythonhosted.org/packages/8c/8f/033e19857bcc3ad1b9880b5c0dfbaa7c945e577b7dee18919c1b2478484d/hidapi-0.15.0-cp314-cp314t-musllinux_1_2_i686.whl", hash = "sha256:1c4e707c82629637a311fa1a7adc1ae1386de7b539e84b4e37125e52e449318d", size = 722837, upload-time = "2025-12-09T09:46:20.707Z" },
    { url = "https://files.pythonhosted.org/packages/ff/f0/2b4e7ff42cdc6a6bf7def0591dfd3854af81038a1925ac1ed7a96578e834/hidapi-0.15.0-cp314-cp314t-musllinux_1_2_x86_64.whl", hash = "sha256:cc99bb16b359023190bf857297f6492a1c8441ccacff66dac881c9e278f5c262", size = 750923, upload-time = "2025-12-09T09:46:23.161Z" },
    { url = "https://files.pythonhosted.org/packages/bd/eb/c0676ff1f7e9ec9d99eaa428c66745cdab5b1742808f0c16061c85bd0b18/hidapi-0.15.0-cp314-cp314t-win32.whl", hash = "sha256:005c84c74c940a314b211674edc763a931ace0b63685ace88148496f563e25f9", size = 66288, upload-time = "2025-12-09T09:46:25.246Z" },
    { url = "https://files.pythonhosted.org/packages/cd/5b/f22dbf886824559d3e66d84710c5fb48c09856e6816885da97f2f51700eb/hidapi-0.15.0-cp314-cp314t-win_amd64.whl", hash = "sha256:e384430363d400c4ffb33fe65f22a61c9f288a870158dc5a9f5c9d917b7250c7", size = 74723, upload-time = "2025-12-09T09:46:24.36Z" },
]

[[package]]
name = "hidpin"
version = "0.1.0"
source = { editable = "." }
dependencies = [
    { name = "hidapi" },
]

[package.dev-dependencies]
dev = [
    { name = "pytest" },
]

[package.metadata]
requires-dist = [{ name = "hidapi", specifier = ">=0.14" }]

[package.metadata.requires-dev]
dev = [{ name = "pytest", specifier = ">=8" }]

[[package]]
name = "iniconfig"
version = "2.3.0"
source = { registry = "https://pypi.org/simple" }
sdist = { url = "https://files.pythonhosted.org/packages/72/34/14ca021ce8e5dfedc35312d08ba8bf51fdd999c576889fc2c24cb97f4f10/iniconfig-2.3.0.tar.gz", hash = "sha256:c76315c77db068650d49c5b56314774a7804df16fee4402c1f19d6d15d8c4730", size = 20503, upload-time = "2025-10-18T21:55:43.219Z" }
wheels = [
    { url = "https://files.pythonhosted.org/packages/cb/b1/3846dd7f199d53cb17f49cba7e651e9ce294d8497c8c150530ed11865bb8/iniconfig-2.3.0-py3-none-any.whl", hash = "sha256:f631c04d2c48c52b84d0d0549c99ff3859c98df65b3101406327ecc7d53fbf12", size = 7484, upload-time = "2025-10-18T21:55:41.639Z" },
]

[[package]]
name = "packaging"
version = "26.3"
source = { registry = "https://pypi.org/simple" }
sdist = { url = "https://files.pythonhosted.org/packages/7d/fa/3944b40b07da9ce895c0e6303a5ab7d53da063554f534556b134a54d6093/packaging-26.3.tar.gz", hash = "sha256:94edc256424af38762eb31306eed28beb9f0efc50a8837492c9d6fd6004aed79", size = 313412, upload-time = "2026-08-04T18:15:28.737Z" }
wheels = [
    { url = "https://files.pythonhosted.org/packages/63/34/ba1c580383c9eada3711951fef0795c80b829a078d72188184bcab9dd527/packaging-26.3-py3-none-any.whl", hash = "sha256:d7193f7c8e4e93f444fde0262bf90af30e16fa0ad0ad44cb553c87339b23cd1c", size = 129956, upload-time = "2026-08-04T18:15:27.159Z" },
]

[[package]]
name = "pluggy"
version = "1.6.0"
source = { registry = "https://pypi.org/simple" }
sdist = { url = "https://files.pythonhosted.org/packages/f9/e2/3e91f31a7d2b083fe6ef3fa267035b518369d9511ffab804f839851d2779/pluggy-1.6.0.tar.gz", hash = "sha256:7dcc130b76258d33b90f61b658791dede3486c3e6bfb003ee5c9bfb396dd22f3", size = 69412, upload-time = "2025-05-15T12:30:07.975Z" }
wheels = [
    { url = "https://files.pythonhosted.org/packages/54/20/4d324d65cc6d9205fabedc306948156824eb9f0ee1633355a8f7ec5c66bf/pluggy-1.6.0-py3-none-any.whl", hash = "sha256:e920276dd6813095e9377c0bc5566d94c932c33b27a3e3945d8389c374dd4746", size = 20538, upload-time = "2025-05-15T12:30:06.134Z" },
]

[[package]]
name = "pygments"
version = "2.21.0"
source = { registry = "https://pypi.org/simple" }
sdist = { url = "https://files.pythonhosted.org/packages/49/2e/ced460408999b33da6b31b0021b0f37d329e202d4169aeb164493778f25b/pygments-2.21.0.tar.gz", hash = "sha256:610ca751c9bc2492b38eb9a38a7fbc93edbbb2d7182edaf34e66ae493dee5c8c", size = 5005329, upload-time = "2026-08-17T08:02:48.824Z" }
wheels = [
    { url = "https://files.pythonhosted.org/packages/71/46/17f022dd3e953bf20a04a028a21ec746d942f8d2af30fa0f124fa0e6a684/pygments-2.21.0-py3-none-any.whl", hash = "sha256:2363c69b61c4a97c838da3b130dcd6468f4848992b21a82f2a63ec34377137d9", size = 1250147, upload-time = "2026-08-17T08:02:44.912Z" },
]

[[package]]
name = "pytest"
version = "9.1.1"
source = { registry = "https://pypi.org/simple" }
dependencies = [
    { name = "colorama", marker = "sys_platform == 'win32'" },
    { name = "iniconfig" },
    { name = "packaging" },
    { name = "pluggy" },
    { name = "pygments" },
]
sdist = { url = "https://files.pythonhosted.org/packages/e4/47/b9efed96c114afcfa3c9d3fe98a76a1d14c74a9e266d397cf6eb64be5e01/pytest-9.1.1.tar.gz", hash = "sha256:1088fbde8f2b49d95a549a195707afa7a76a3ce9bcadc26b6d71f0ffda5fe313", size = 1636369, upload-time = "2026-06-19T10:58:32.857Z" }
wheels = [
    { url = "https://files.pythonhosted.org/packages/24/25/1de2678b631f5a49215c6c96fff41ba892b0a34df68d6d80292b1b48aa7f/pytest-9.1.1-py3-none-any.whl", hash = "sha256:37a86b45efb9a47a61a36449063e8e18d0cab3161329fc099eb21783169c4f0c", size = 386536, upload-time = "2026-06-19T10:58:31.347Z" },
]
